
Microsoft Visual Studio Solution File, Format Version 12.00
# Visual Studio Version 17
VisualStudioVersion = 17.6.33712.159
MinimumVisualStudioVersion = 10.0.40219.1
Project("{FAE04EC0-301F-11D3-BF4B-00C04F79EFBC}") = "ThrApi", "ThrApi\ThrApi.csproj", "{171B66BB-ED33-4E8C-8AEC-06E32A73D973}"
EndProject
Project("{2150E333-8FDC-42A3-9474-1A3956D46DE8}") = "API.GATEWAY", "API.GATEWAY", "{81C0EFC0-6CE4-452A-A66E-1858EF959066}"
EndProject
Project("{FAE04EC0-301F-11D3-BF4B-00C04F79EFBC}") = "API.GATEWAY", "API.GATEWAY\API.GATEWAY.csproj", "{5A7C8F18-7C97-4210-B590-569806878A6F}"
EndProject
Project("{2150E333-8FDC-42A3-9474-1A3956D46DE8}") = "API.AUTH", "API.AUTH", "{913AF705-F58F-46BD-B303-AB7C66B28548}"
EndProject
Project("{FAE04EC0-301F-11D3-BF4B-00C04F79EFBC}") = "API.AUTH", "API.AUTH\API.AUTH.csproj", "{AB24D8BA-F744-404A-948A-FE72DBFD0AC6}"
EndProject
Global
	GlobalSection(SolutionConfigurationPlatforms) = preSolution
		Debug|Any CPU = Debug|Any CPU
		Release|Any CPU = Release|Any CPU
	EndGlobalSection
	GlobalSection(ProjectConfigurationPlatforms) = postSolution
		{171B66BB-ED33-4E8C-8AEC-06E32A73D973}.Debug|Any CPU.ActiveCfg = Debug|Any CPU
		{171B66BB-ED33-4E8C-8AEC-06E32A73D973}.Debug|Any CPU.Build.0 = Debug|Any CPU
		{171B66BB-ED33-4E8C-8AEC-06E32A73D973}.Release|Any CPU.ActiveCfg = Release|Any CPU
		{171B66BB-ED33-4E8C-8AEC-06E32A73D973}.Release|Any CPU.Build.0 = Release|Any CPU
		{5A7C8F18-7C97-4210-B590-569806878A6F}.Debug|Any CPU.ActiveCfg = Debug|Any CPU
		{5A7C8F18-7C97-4210-B590-569806878A6F}.Debug|Any CPU.Build.0 = Debug|Any CPU
		{5A7C8F18-7C97-4210-B590-569806878A6F}.Release|Any CPU.ActiveCfg = Release|Any CPU
		{5A7C8F18-7C97-4210-B590-569806878A6F}.Release|Any CPU.Build.0 = Release|Any CPU
		{AB24D8BA-F744-404A-948A-FE72DBFD0AC6}.Debug|Any CPU.ActiveCfg = Debug|Any CPU
		{AB24D8BA-F744-404A-948A-FE72DBFD0AC6}.Debug|Any CPU.Build.0 = Debug|Any CPU
		{AB24D8BA-F744-404A-948A-FE72DBFD0AC6}.Release|Any CPU.ActiveCfg = Release|Any CPU
		{AB24D8BA-F744-404A-948A-FE72DBFD0AC6}.Release|Any CPU.Build.0 = Release|Any CPU
	EndGlobalSection
	GlobalSection(SolutionProperties) = preSolution
		HideSolutionNode = FALSE
	EndGlobalSection
	GlobalSection(NestedProjects) = preSolution
		{5A7C8F18-7C97-4210-B590-569806878A6F} = {81C0EFC0-6CE4-452A-A66E-1858EF959066}
		{AB24D8BA-F744-404A-948A-FE72DBFD0AC6} = {913AF705-F58F-46BD-B303-AB7C66B28548}
	EndGlobalSection
	GlobalSection(ExtensibilityGlobals) = postSolution
		SolutionGuid = {298244AF-48E8-43ED-A7BF-A7EE0F0D6E1F}
	EndGlobalSection
EndGlobal
